
Microsoft Visual Studio Solution File, Format Version 10.00
# Visual Studio 2008
Project("{F184B08F-C81C-45F6-A57F-5ABD9991F28F}") = "Chapter1", "Chapter1\Chapter1.vbproj", "{F559BC52-1B36-4175-84C9-DE17ABA31F6B}"
EndProject
Global
	GlobalSection(SolutionConfigurationPlatforms) = preSolution
		Debug|Any CPU = Debug|Any CPU
		Release|Any CPU = Release|Any CPU
	EndGlobalSection
	GlobalSection(ProjectConfigurationPlatforms) = postSolution
		{F559BC52-1B36-4175-84C9-DE17ABA31F6B}.Debug|Any CPU.ActiveCfg = Debug|Any CPU
		{F559BC52-1B36-4175-84C9-DE17ABA31F6B}.Debug|Any CPU.Build.0 = Debug|Any CPU
		{F559BC52-1B36-4175-84C9-DE17ABA31F6B}.Release|Any CPU.ActiveCfg = Release|Any CPU
		{F559BC52-1B36-4175-84C9-DE17ABA31F6B}.Release|Any CPU.Build.0 = Release|Any CPU
	EndGlobalSection
	GlobalSection(SolutionProperties) = preSolution
		HideSolutionNode = FALSE
	EndGlobalSection
EndGlobal
